// !$*UTF8*$!
{
	archiveVersion = 1;
	classes = {
	};
	objectVersion = 50;
	objects = {

/* Begin PBXBuildFile section */
		B20C96BC2337B9FB0085DA73 /* AppDelegate.swift in Sources */ = {isa = PBXBuildFile; fileRef = B20C96BB2337B9FB0085DA73 /* AppDelegate.swift */; };
		B20C96BE2337B9FB0085DA73 /* SceneDelegate.swift in Sources */ = {isa = PBXBuildFile; fileRef = B20C96BD2337B9FB0085DA73 /* SceneDelegate.swift */; };
		B20C96C02337B9FB0085DA73 /* ViewController.swift in Sources */ = {isa = PBXBuildFile; fileRef = B20C96BF2337B9FB0085DA73 /* ViewController.swift */; };
		B20C96C32337B9FB0085DA73 /* Main.storyboard in Resources */ = {isa = PBXBuildFile; fileRef = B20C96C12337B9FB0085DA73 /* Main.storyboard */; };
		B20C96C52337B9FC0085DA73 /* Assets.xcassets in Resources */ = {isa = PBXBuildFile; fileRef = B20C96C42337B9FC0085DA73 /* Assets.xcassets */; };
		B20C96C82337B9FC0085DA73 /* LaunchScreen.storyboard in Resources */ = {isa = PBXBuildFile; fileRef = B20C96C62337B9FC0085DA73 /* LaunchScreen.storyboard */; };
		B20C96D32337B9FC0085DA73 /* SwiftLearningTests.swift in Sources */ = {isa = PBXBuildFile; fileRef = B20C96D22337B9FC0085DA73 /* SwiftLearningTests.swift */; };
		B20C96DE2337B9FC0085DA73 /* SwiftLearningUITests.swift in Sources */ = {isa = PBXBuildFile; fileRef = B20C96DD2337B9FC0085DA73 /* SwiftLearningUITests.swift */; };
/* End PBXBuildFile section */

/* Begin PBXContainerItemProxy section */
		B20C96CF2337B9FC0085DA73 /* PBXContainerItemProxy */ = {
			isa = PBXContainerItemProxy;
			containerPortal = B20C96B02337B9FB0085DA73 /* Project object */;
			proxyType = 1;
			remoteGlobalIDString = B20C96B72337B9FB0085DA73;
			remoteInfo = SwiftLearning;
		};
		B20C96DA2337B9FC0085DA73 /* PBXContainerItemProxy */ = {
			isa = PBXContainerItemProxy;
			containerPortal = B20C96B02337B9FB0085DA73 /* Project object */;
			proxyType = 1;
			remoteGlobalIDString = B20C96B72337B9FB0085DA73;
			remoteInfo = SwiftLearning;
		};
/* End PBXContainerItemProxy section */

/* Begin PBXFileReference section */
		B20C96B82337B9FB0085DA73 /* SwiftLearning.app */ = {isa = PBXFileReference; explicitFileType = wrapper.application; includeInIndex = 0; path = SwiftLearning.app; sourceTree = BUILT_PRODUCTS_DIR; };
		B20C96BB2337B9FB0085DA73 /* AppDelegate.swift */ = {isa = PBXFileReference; lastKnownFileType = sourcecode.swift; path = AppDelegate.swift; sourceTree = "<group>"; };
		B20C96BD2337B9FB0085DA73 /* SceneDelegate.swift */ = {isa = PBXFileReference; lastKnownFileType = sourcecode.swift; path = SceneDelegate.swift; sourceTree = "<group>"; };
		B20C96BF2337B9FB0085DA73 /* ViewController.swift */ = {isa = PBXFileReference; lastKnownFileType = sourcecode.swift; path = ViewController.swift; sourceTree = "<group>"; };
		B20C96C22337B9FB0085DA73 /* Base */ = {isa = PBXFileReference; lastKnownFileType = file.storyboard; name = Base; path = Base.lproj/Main.storyboard; sourceTree = "<group>"; };
		B20C96C42337B9FC0085DA73 /* Assets.xcassets */ = {isa = PBXFileReference; lastKnownFileType = folder.assetcatalog; path = Assets.xcassets; sourceTree = "<group>"; };
		B20C96C72337B9FC0085DA73 /* Base */ = {isa = PBXFileReference; lastKnownFileType = file.storyboard; name = Base; path = Base.lproj/LaunchScreen.storyboard; sourceTree = "<group>"; };
		B20C96C92337B9FC0085DA73 /* Info.plist */ = {isa = PBXFileReference; lastKnownFileType = text.plist.xml; path = Info.plist; sourceTree = "<group>"; };
		B20C96CE2337B9FC0085DA73 /* SwiftLearningTests.xctest */ = {isa = PBXFileReference; explicitFileType = wrapper.cfbundle; includeInIndex = 0; path = SwiftLearningTests.xctest; sourceTree = BUILT_PRODUCTS_DIR; };
		B20C96D22337B9FC0085DA73 /* SwiftLearningTests.swift */ = {isa = PBXFileReference; lastKnownFileType = sourcecode.swift; path = SwiftLearningTests.swift; sourceTree = "<group>"; };
		B20C96D42337B9FC0085DA73 /* Info.plist */ = {isa = PBXFileReference; lastKnownFileType = text.plist.xml; path = Info.plist; sourceTree = "<group>"; };
		B20C96D92337B9FC0085DA73 /* SwiftLearningUITests.xctest */ = {isa = PBXFileReference; explicitFileType = wrapper.cfbundle; includeInIndex = 0; path = SwiftLearningUITests.xctest; sourceTree = BUILT_PRODUCTS_DIR; };
		B20C96DD2337B9FC0085DA73 /* SwiftLearningUITests.swift */ = {isa = PBXFileReference; lastKnownFileType = sourcecode.swift; path = SwiftLearningUITests.swift; sourceTree = "<group>"; };
		B20C96DF2337B9FC0085DA73 /* Info.plist */ = {isa = PBXFileReference; lastKnownFileType = text.plist.xml; path = Info.plist; sourceTree = "<group>"; };
/* End PBXFileReference section */

/* Begin PBXFrameworksBuildPhase section */
		B20C96B52337B9FB0085DA73 /* Frameworks */ = {
			isa = PBXFrameworksBuildPhase;
			buildActionMask = 2147483647;
			files = (
			);
			runOnlyForDeploymentPostprocessing = 0;
		};
		B20C96CB2337B9FC0085DA73 /* Frameworks */ = {
			isa = PBXFrameworksBuildPhase;
			buildActionMask = 2147483647;
			files = (
			);
			runOnlyForDeploymentPostprocessing = 0;
		};
		B20C96D62337B9FC0085DA73 /* Frameworks */ = {
			isa = PBXFrameworksBuildPhase;
			buildActionMask = 2147483647;
			files = (
			);
			runOnlyForDeploymentPostprocessing = 0;
		};
/* End PBXFrameworksBuildPhase section */

/* Begin PBXGroup section */
		B20C96AF2337B9FB0085DA73 = {
			isa = PBXGroup;
			children = (
				B20C96BA2337B9FB0085DA73 /* SwiftLearning */,
				B20C96D12337B9FC0085DA73 /* SwiftLearningTests */,
				B20C96DC2337B9FC0085DA73 /* SwiftLearningUITests */,
				B20C96B92337B9FB0085DA73 /* Products */,
			);
			sourceTree = "<group>";
		};
		B20C96B92337B9FB0085DA73 /* Products */ = {
			isa = PBXGroup;
			children = (
				B20C96B82337B9FB0085DA73 /* SwiftLearning.app */,
				B20C96CE2337B9FC0085DA73 /* SwiftLearningTests.xctest */,
				B20C96D92337B9FC0085DA73 /* SwiftLearningUITests.xctest */,
			);
			name = Products;
			sourceTree = "<group>";
		};
		B20C96BA2337B9FB0085DA73 /* SwiftLearning */ = {
			isa = PBXGroup;
			children = (
				B20C96BB2337B9FB0085DA73 /* AppDelegate.swift */,
				B20C96BD2337B9FB0085DA73 /* SceneDelegate.swift */,
				B20C96BF2337B9FB0085DA73 /* ViewController.swift */,
				B20C96C12337B9FB0085DA73 /* Main.storyboard */,
				B20C96C42337B9FC0085DA73 /* Assets.xcassets */,
				B20C96C62337B9FC0085DA73 /* LaunchScreen.storyboard */,
				B20C96C92337B9FC0085DA73 /* Info.plist */,
			);
			path = SwiftLearning;
			sourceTree = "<group>";
		};
		B20C96D12337B9FC0085DA73 /* SwiftLearningTests */ = {
			isa = PBXGroup;
			children = (
				B20C96D22337B9FC0085DA73 /* SwiftLearningTests.swift */,
				B20C96D42337B9FC0085DA73 /* Info.plist */,
			);
			path = SwiftLearningTests;
			sourceTree = "<group>";
		};
		B20C96DC2337B9FC0085DA73 /* SwiftLearningUITests */ = {
			isa = PBXGroup;
			children = (
				B20C96DD2337B9FC0085DA73 /* SwiftLearningUITests.swift */,
				B20C96DF2337B9FC0085DA73 /* Info.plist */,
			);
			path = SwiftLearningUITests;
			sourceTree = "<group>";
		};
/* End PBXGroup section */

/* Begin PBXNativeTarget section */
		B20C96B72337B9FB0085DA73 /* SwiftLearning */ = {
			isa = PBXNativeTarget;
			buildConfigurationList = B20C96E22337B9FC0085DA73 /* Build configuration list for PBXNativeTarget "SwiftLearning" */;
			buildPhases = (
				B20C96B42337B9FB0085DA73 /* Sources */,
				B20C96B52337B9FB0085DA73 /* Frameworks */,
				B20C96B62337B9FB0085DA73 /* Resources */,
			);
			buildRules = (
			);
			dependencies = (
			);
			name = SwiftLearning;
			productName = SwiftLearning;
			productReference = B20C96B82337B9FB0085DA73 /* SwiftLearning.app */;
			productType = "com.apple.product-type.application";
		};
		B20C96CD2337B9FC0085DA73 /* SwiftLearningTests */ = {
			isa = PBXNativeTarget;
			buildConfigurationList = B20C96E52337B9FC0085DA73 /* Build configuration list for PBXNativeTarget "SwiftLearningTests" */;
			buildPhases = (
				B20C96CA2337B9FC0085DA73 /* Sources */,
				B20C96CB2337B9FC0085DA73 /* Frameworks */,
				B20C96CC2337B9FC0085DA73 /* Resources */,
			);
			buildRules = (
			);
			dependencies = (
				B20C96D02337B9FC0085DA73 /* PBXTargetDependency */,
			);
			name = SwiftLearningTests;
			productName = SwiftLearningTests;
			productReference = B20C96CE2337B9FC0085DA73 /* SwiftLearningTests.xctest */;
			productType = "com.apple.product-type.bundle.unit-test";
		};
		B20C96D82337B9FC0085DA73 /* SwiftLearningUITests */ = {
			isa = PBXNativeTarget;
			buildConfigurationList = B20C96E82337B9FC0085DA73 /* Build configuration list for PBXNativeTarget "SwiftLearningUITests" */;
			buildPhases = (
				B20C96D52337B9FC0085DA73 /* Sources */,
				B20C96D62337B9FC0085DA73 /* Frameworks */,
				B20C96D72337B9FC0085DA73 /* Resources */,
			);
			buildRules = (
			);
			dependencies = (
				B20C96DB2337B9FC0085DA73 /* PBXTargetDependency */,
			);
			name = SwiftLearningUITests;
			productName = SwiftLearningUITests;
			productReference = B20C96D92337B9FC0085DA73 /* SwiftLearningUITests.xctest */;
			productType = "com.apple.product-type.bundle.ui-testing";
		};
/* End PBXNativeTarget section */

/* Begin PBXProject section */
		B20C96B02337B9FB0085DA73 /* Project object */ = {
			isa = PBXProject;
			attributes = {
				LastSwiftUpdateCheck = 1100;
				LastUpgradeCheck = 1100;
				ORGANIZATIONNAME = feng;
				TargetAttributes = {
					B20C96B72337B9FB0085DA73 = {
						CreatedOnToolsVersion = 11.0;
					};
					B20C96CD2337B9FC0085DA73 = {
						CreatedOnToolsVersion = 11.0;
						TestTargetID = B20C96B72337B9FB0085DA73;
					};
					B20C96D82337B9FC0085DA73 = {
						CreatedOnToolsVersion = 11.0;
						TestTargetID = B20C96B72337B9FB0085DA73;
					};
				};
			};
			buildConfigurationList = B20C96B32337B9FB0085DA73 /* Build configuration list for PBXProject "SwiftLearning" */;
			compatibilityVersion = "Xcode 9.3";
			developmentRegion = en;
			hasScannedForEncodings = 0;
			knownRegions = (
				en,
				Base,
			);
			mainGroup = B20C96AF2337B9FB0085DA73;
			productRefGroup = B20C96B92337B9FB0085DA73 /* Products */;
			projectDirPath = "";
			projectRoot = "";
			targets = (
				B20C96B72337B9FB0085DA73 /* SwiftLearning */,
				B20C96CD2337B9FC0085DA73 /* SwiftLearningTests */,
				B20C96D82337B9FC0085DA73 /* SwiftLearningUITests */,
			);
		};
/* End PBXProject section */

/* Begin PBXResourcesBuildPhase section */
		B20C96B62337B9FB0085DA73 /* Resources */ = {
			isa = PBXResourcesBuildPhase;
			buildActionMask = 2147483647;
			files = (
				B20C96C82337B9FC0085DA73 /* LaunchScreen.storyboard in Resources */,
				B20C96C52337B9FC0085DA73 /* Assets.xcassets in Resources */,
				B20C96C32337B9FB0085DA73 /* Main.storyboard in Resources */,
			);
			runOnlyForDeploymentPostprocessing = 0;
		};
		B20C96CC2337B9FC0085DA73 /* Resources */ = {
			isa = PBXResourcesBuildPhase;
			buildActionMask = 2147483647;
			files = (
			);
			runOnlyForDeploymentPostprocessing = 0;
		};
		B20C96D72337B9FC0085DA73 /* Resources */ = {
			isa = PBXResourcesBuildPhase;
			buildActionMask = 2147483647;
			files = (
			);
			runOnlyForDeploymentPostprocessing = 0;
		};
/* End PBXResourcesBuildPhase section */

/* Begin PBXSourcesBuildPhase section */
		B20C96B42337B9FB0085DA73 /* Sources */ = {
			isa = PBXSourcesBuildPhase;
			buildActionMask = 2147483647;
			files = (
				B20C96C02337B9FB0085DA73 /* ViewController.swift in Sources */,
				B20C96BC2337B9FB0085DA73 /* AppDelegate.swift in Sources */,
				B20C96BE2337B9FB0085DA73 /* SceneDelegate.swift in Sources */,
			);
			runOnlyForDeploymentPostprocessing = 0;
		};
		B20C96CA2337B9FC0085DA73 /* Sources */ = {
			isa = PBXSourcesBuildPhase;
			buildActionMask = 2147483647;
			files = (
				B20C96D32337B9FC0085DA73 /* SwiftLearningTests.swift in Sources */,
			);
			runOnlyForDeploymentPostprocessing = 0;
		};
		B20C96D52337B9FC0085DA73 /* Sources */ = {
			isa = PBXSourcesBuildPhase;
			buildActionMask = 2147483647;
			files = (
				B20C96DE2337B9FC0085DA73 /* SwiftLearningUITests.swift in Sources */,
			);
			runOnlyForDeploymentPostprocessing = 0;
		};
/* End PBXSourcesBuildPhase section */

/* Begin PBXTargetDependency section */
		B20C96D02337B9FC0085DA73 /* PBXTargetDependency */ = {
			isa = PBXTargetDependency;
			target = B20C96B72337B9FB0085DA73 /* SwiftLearning */;
			targetProxy = B20C96CF2337B9FC0085DA73 /* PBXContainerItemProxy */;
		};
		B20C96DB2337B9FC0085DA73 /* PBXTargetDependency */ = {
			isa = PBXTargetDependency;
			target = B20C96B72337B9FB0085DA73 /* SwiftLearning */;
			targetProxy = B20C96DA2337B9FC0085DA73 /* PBXContainerItemProxy */;
		};
/* End PBXTargetDependency section */

/* Begin PBXVariantGroup section */
		B20C96C12337B9FB0085DA73 /* Main.storyboard */ = {
			isa = PBXVariantGroup;
			children = (
				B20C96C22337B9FB0085DA73 /* Base */,
			);
			name = Main.storyboard;
			sourceTree = "<group>";
		};
		B20C96C62337B9FC0085DA73 /* LaunchScreen.storyboard */ = {
			isa = PBXVariantGroup;
			children = (
				B20C96C72337B9FC0085DA73 /* Base */,
			);
			name = LaunchScreen.storyboard;
			sourceTree = "<group>";
		};
/* End PBXVariantGroup section */

/* Begin XCBuildConfiguration section */
		B20C96E02337B9FC0085DA73 /* Debug */ = {
			isa = XCBuildConfiguration;
			buildSettings = {
				ALWAYS_SEARCH_USER_PATHS = NO;
				CLANG_ANALYZER_NONNULL = YES;
				CLANG_ANALYZER_NUMBER_OBJECT_CONVERSION = YES_AGGRESSIVE;
				CLANG_CXX_LANGUAGE_STANDARD = "gnu++14";
				CLANG_CXX_LIBRARY = "libc++";
				CLANG_ENABLE_MODULES = YES;
				CLANG_ENABLE_OBJC_ARC = YES;
				CLANG_ENABLE_OBJC_WEAK = YES;
				CLANG_WARN_BLOCK_CAPTURE_AUTORELEASING = YES;
				CLANG_WARN_BOOL_CONVERSION = YES;
				CLANG_WARN_COMMA = YES;
				CLANG_WARN_CONSTANT_CONVERSION = YES;
				CLANG_WARN_DEPRECATED_OBJC_IMPLEMENTATIONS = YES;
				CLANG_WARN_DIRECT_OBJC_ISA_USAGE = YES_ERROR;
				CLANG_WARN_DOCUMENTATION_COMMENTS = YES;
				CLANG_WARN_EMPTY_BODY = YES;
				CLANG_WARN_ENUM_CONVERSION = YES;
				CLANG_WARN_INFINITE_RECURSION = YES;
				CLANG_WARN_INT_CONVERSION = YES;
				CLANG_WARN_NON_LITERAL_NULL_CONVERSION = YES;
				CLANG_WARN_OBJC_IMPLICIT_RETAIN_SELF = YES;
				CLANG_WARN_OBJC_LITERAL_CONVERSION = YES;
				CLANG_WARN_OBJC_ROOT_CLASS = YES_ERROR;
				CLANG_WARN_RANGE_LOOP_ANALYSIS = YES;
				CLANG_WARN_STRICT_PROTOTYPES = YES;
				CLANG_WARN_SUSPICIOUS_MOVE = YES;
				CLANG_WARN_UNGUARDED_AVAILABILITY = YES_AGGRESSIVE;
				CLANG_WARN_UNREACHABLE_CODE = YES;
				CLANG_WARN__DUPLICATE_METHOD_MATCH = YES;
				COPY_PHASE_STRIP = NO;
				DEBUG_INFORMATION_FORMAT = dwarf;
				ENABLE_STRICT_OBJC_MSGSEND = YES;
				ENABLE_TESTABILITY = YES;
				GCC_C_LANGUAGE_STANDARD = gnu11;
				GCC_DYNAMIC_NO_PIC = NO;
				GCC_NO_COMMON_BLOCKS = YES;
				GCC_OPTIMIZATION_LEVEL = 0;
				GCC_PREPROCESSOR_DEFINITIONS = (
					"DEBUG=1",
					"$(inherited)",
				);
				GCC_WARN_64_TO_32_BIT_CONVERSION = YES;
				GCC_WARN_ABOUT_RETURN_TYPE = YES_ERROR;
				GCC_WARN_UNDECLARED_SELECTOR = YES;
				GCC_WARN_UNINITIALIZED_AUTOS = YES_AGGRESSIVE;
				GCC_WARN_UNUSED_FUNCTION = YES;
				GCC_WARN_UNUSED_VARIABLE = YES;
				IPHONEOS_DEPLOYMENT_TARGET = 13.0;
				MTL_ENABLE_DEBUG_INFO = INCLUDE_SOURCE;
				MTL_FAST_MATH = YES;
				ONLY_ACTIVE_ARCH = YES;
				SDKROOT = iphoneos;
				SWIFT_ACTIVE_COMPILATION_CONDITIONS = DEBUG;
				SWIFT_OPTIMIZATION_LEVEL = "-Onone";
			};
			name = Debug;
		};
		B20C96E12337B9FC0085DA73 /* Release */ = {
			isa = XCBuildConfiguration;
			buildSettings = {
				ALWAYS_SEARCH_USER_PATHS = NO;
				CLANG_ANALYZER_NONNULL = YES;
				CLANG_ANALYZER_NUMBER_OBJECT_CONVERSION = YES_AGGRESSIVE;
				CLANG_CXX_LANGUAGE_STANDARD = "gnu++14";
				CLANG_CXX_LIBRARY = "libc++";
				CLANG_ENABLE_MODULES = YES;
				CLANG_ENABLE_OBJC_ARC = YES;
				CLANG_ENABLE_OBJC_WEAK = YES;
				CLANG_WARN_BLOCK_CAPTURE_AUTORELEASING = YES;
				CLANG_WARN_BOOL_CONVERSION = YES;
				CLANG_WARN_COMMA = YES;
				CLANG_WARN_CONSTANT_CONVERSION = YES;
				CLANG_WARN_DEPRECATED_OBJC_IMPLEMENTATIONS = YES;
				CLANG_WARN_DIRECT_OBJC_ISA_USAGE = YES_ERROR;
				CLANG_WARN_DOCUMENTATION_COMMENTS = YES;
				CLANG_WARN_EMPTY_BODY = YES;
				CLANG_WARN_ENUM_CONVERSION = YES;
				CLANG_WARN_INFINITE_RECURSION = YES;
				CLANG_WARN_INT_CONVERSION = YES;
				CLANG_WARN_NON_LITERAL_NULL_CONVERSION = YES;
				CLANG_WARN_OBJC_IMPLICIT_RETAIN_SELF = YES;
				CLANG_WARN_OBJC_LITERAL_CONVERSION = YES;
				CLANG_WARN_OBJC_ROOT_CLASS = YES_ERROR;
				CLANG_WARN_RANGE_LOOP_ANALYSIS = YES;
				CLANG_WARN_STRICT_PROTOTYPES = YES;
				CLANG_WARN_SUSPICIOUS_MOVE = YES;
				CLANG_WARN_UNGUARDED_AVAILABILITY = YES_AGGRESSIVE;
				CLANG_WARN_UNREACHABLE_CODE = YES;
				CLANG_WARN__DUPLICATE_METHOD_MATCH = YES;
				COPY_PHASE_STRIP = NO;
				DEBUG_INFORMATION_FORMAT = "dwarf-with-dsym";
				ENABLE_NS_ASSERTIONS = NO;
				ENABLE_STRICT_OBJC_MSGSEND = YES;
				GCC_C_LANGUAGE_STANDARD = gnu11;
				GCC_NO_COMMON_BLOCKS = YES;
				GCC_WARN_64_TO_32_BIT_CONVERSION = YES;
				GCC_WARN_ABOUT_RETURN_TYPE = YES_ERROR;
				GCC_WARN_UNDECLARED_SELECTOR = YES;
				GCC_WARN_UNINITIALIZED_AUTOS = YES_AGGRESSIVE;
				GCC_WARN_UNUSED_FUNCTION = YES;
				GCC_WARN_UNUSED_VARIABLE = YES;
				IPHONEOS_DEPLOYMENT_TARGET = 13.0;
				MTL_ENABLE_DEBUG_INFO = NO;
				MTL_FAST_MATH = YES;
				SDKROOT = iphoneos;
				SWIFT_COMPILATION_MODE = wholemodule;
				SWIFT_OPTIMIZATION_LEVEL = "-O";
				VALIDATE_PRODUCT = YES;
			};
			name = Release;
		};
		B20C96E32337B9FC0085DA73 /* Debug */ = {
			isa = XCBuildConfiguration;
			buildSettings = {
				ASSETCATALOG_COMPILER_APPICON_NAME = AppIcon;
				CODE_SIGN_STYLE = Automatic;
				DEVELOPMENT_TEAM = EF4GZN6YHJ;
				INFOPLIST_FILE = SwiftLearning/Info.plist;
				LD_RUNPATH_SEARCH_PATHS = (
					"$(inherited)",
					"@executable_path/Frameworks",
				);
				PRODUCT_BUNDLE_IDENTIFIER = com.banana.app.SwiftLearning;
				PRODUCT_NAME = "$(TARGET_NAME)";
				SWIFT_VERSION = 5.0;
				TARGETED_DEVICE_FAMILY = 1;
			};
			name = Debug;
		};
		B20C96E42337B9FC0085DA73 /* Release */ = {
			isa = XCBuildConfiguration;
			buildSettings = {
				ASSETCATALOG_COMPILER_APPICON_NAME = AppIcon;
				CODE_SIGN_STYLE = Automatic;
				DEVELOPMENT_TEAM = EF4GZN6YHJ;
				INFOPLIST_FILE = SwiftLearning/Info.plist;
				LD_RUNPATH_SEARCH_PATHS = (
					"$(inherited)",
					"@executable_path/Frameworks",
				);
				PRODUCT_BUNDLE_IDENTIFIER = com.banana.app.SwiftLearning;
				PRODUCT_NAME = "$(TARGET_NAME)";
				SWIFT_VERSION = 5.0;
				TARGETED_DEVICE_FAMILY = 1;
			};
			name = Release;
		};
		B20C96E62337B9FC0085DA73 /* Debug */ = {
			isa = XCBuildConfiguration;
			buildSettings = {
				ALWAYS_EMBED_SWIFT_STANDARD_LIBRARIES = YES;
				BUNDLE_LOADER = "$(TEST_HOST)";
				CODE_SIGN_STYLE = Automatic;
				INFOPLIST_FILE = SwiftLearningTests/Info.plist;
				IPHONEOS_DEPLOYMENT_TARGET = 13.0;
				LD_RUNPATH_SEARCH_PATHS = (
					"$(inherited)",
					"@executable_path/Frameworks",
					"@loader_path/Frameworks",
				);
				PRODUCT_BUNDLE_IDENTIFIER = com.banana.app.SwiftLearningTests;
				PRODUCT_NAME = "$(TARGET_NAME)";
				SWIFT_VERSION = 5.0;
				TARGETED_DEVICE_FAMILY = "1,2";
				TEST_HOST = "$(BUILT_PRODUCTS_DIR)/SwiftLearning.app/SwiftLearning";
			};
			name = Debug;
		};
		B20C96E72337B9FC0085DA73 /* Release */ = {
			isa = XCBuildConfiguration;
			buildSettings = {
				ALWAYS_EMBED_SWIFT_STANDARD_LIBRARIES = YES;
				BUNDLE_LOADER = "$(TEST_HOST)";
				CODE_SIGN_STYLE = Automatic;
				INFOPLIST_FILE = SwiftLearningTests/Info.plist;
				IPHONEOS_DEPLOYMENT_TARGET = 13.0;
				LD_RUNPATH_SEARCH_PATHS = (
					"$(inherited)",
					"@executable_path/Frameworks",
					"@loader_path/Frameworks",
				);
				PRODUCT_BUNDLE_IDENTIFIER = com.banana.app.SwiftLearningTests;
				PRODUCT_NAME = "$(TARGET_NAME)";
				SWIFT_VERSION = 5.0;
				TARGETED_DEVICE_FAMILY = "1,2";
				TEST_HOST = "$(BUILT_PRODUCTS_DIR)/SwiftLearning.app/SwiftLearning";
			};
			name = Release;
		};
		B20C96E92337B9FC0085DA73 /* Debug */ = {
			isa = XCBuildConfiguration;
			buildSettings = {
				ALWAYS_EMBED_SWIFT_STANDARD_LIBRARIES = YES;
				CODE_SIGN_STYLE = Automatic;
				INFOPLIST_FILE = SwiftLearningUITests/Info.plist;
				LD_RUNPATH_SEARCH_PATHS = (
					"$(inherited)",
					"@executable_path/Frameworks",
					"@loader_path/Frameworks",
				);
				PRODUCT_BUNDLE_IDENTIFIER = com.banana.app.SwiftLearningUITests;
				PRODUCT_NAME = "$(TARGET_NAME)";
				SWIFT_VERSION = 5.0;
				TARGETED_DEVICE_FAMILY = "1,2";
				TEST_TARGET_NAME = SwiftLearning;
			};
			name = Debug;
		};
		B20C96EA2337B9FC0085DA73 /* Release */ = {
			isa = XCBuildConfiguration;
			buildSettings = {
				ALWAYS_EMBED_SWIFT_STANDARD_LIBRARIES = YES;
				CODE_SIGN_STYLE = Automatic;
				INFOPLIST_FILE = SwiftLearningUITests/Info.plist;
				LD_RUNPATH_SEARCH_PATHS = (
					"$(inherited)",
					"@executable_path/Frameworks",
					"@loader_path/Frameworks",
				);
				PRODUCT_BUNDLE_IDENTIFIER = com.banana.app.SwiftLearningUITests;
				PRODUCT_NAME = "$(TARGET_NAME)";
				SWIFT_VERSION = 5.0;
				TARGETED_DEVICE_FAMILY = "1,2";
				TEST_TARGET_NAME = SwiftLearning;
			};
			name = Release;
		};
/* End XCBuildConfiguration section */

/* Begin XCConfigurationList section */
		B20C96B32337B9FB0085DA73 /* Build configuration list for PBXProject "SwiftLearning" */ = {
			isa = XCConfigurationList;
			buildConfigurations = (
				B20C96E02337B9FC0085DA73 /* Debug */,
				B20C96E12337B9FC0085DA73 /* Release */,
			);
			defaultConfigurationIsVisible = 0;
			defaultConfigurationName = Release;
		};
		B20C96E22337B9FC0085DA73 /* Build configuration list for PBXNativeTarget "SwiftLearning" */ = {
			isa = XCConfigurationList;
			buildConfigurations = (
				B20C96E32337B9FC0085DA73 /* Debug */,
				B20C96E42337B9FC0085DA73 /* Release */,
			);
			defaultConfigurationIsVisible = 0;
			defaultConfigurationName = Release;
		};
		B20C96E52337B9FC0085DA73 /* Build configuration list for PBXNativeTarget "SwiftLearningTests" */ = {
			isa = XCConfigurationList;
			buildConfigurations = (
				B20C96E62337B9FC0085DA73 /* Debug */,
				B20C96E72337B9FC0085DA73 /* Release */,
			);
			defaultConfigurationIsVisible = 0;
			defaultConfigurationName = Release;
		};
		B20C96E82337B9FC0085DA73 /* Build configuration list for PBXNativeTarget "SwiftLearningUITests" */ = {
			isa = XCConfigurationList;
			buildConfigurations = (
				B20C96E92337B9FC0085DA73 /* Debug */,
				B20C96EA2337B9FC0085DA73 /* Release */,
			);
			defaultConfigurationIsVisible = 0;
			defaultConfigurationName = Release;
		};
/* End XCConfigurationList section */
	};
	rootObject = B20C96B02337B9FB0085DA73 /* Project object */;
}
